// !$*UTF8*$!
{
	archiveVersion = 1;
	classes = {
	};
	objectVersion = 46;
	objects = {

/* Begin PBXBuildFile section */
		D70868F21D771EE2005D43BF /* AppDelegate.swift in Sources */ = {isa = PBXBuildFile; fileRef = D70868F11D771EE2005D43BF /* AppDelegate.swift */; };
		D70868F41D771EE2005D43BF /* ViewController.swift in Sources */ = {isa = PBXBuildFile; fileRef = D70868F31D771EE2005D43BF /* ViewController.swift */; };
		D70868F71D771EE2005D43BF /* GithubStar.xcdatamodeld in Sources */ = {isa = PBXBuildFile; fileRef = D70868F51D771EE2005D43BF /* GithubStar.xcdatamodeld */; };
		D70868F91D771EE2005D43BF /* Assets.xcassets in Resources */ = {isa = PBXBuildFile; fileRef = D70868F81D771EE2005D43BF /* Assets.xcassets */; };
		D70868FC1D771EE2005D43BF /* Main.storyboard in Resources */ = {isa = PBXBuildFile; fileRef = D70868FA1D771EE2005D43BF /* Main.storyboard */; };
		D70869071D771EE2005D43BF /* GithubStarTests.swift in Sources */ = {isa = PBXBuildFile; fileRef = D70869061D771EE2005D43BF /* GithubStarTests.swift */; };
		D70869121D771EE2005D43BF /* GithubStarUITests.swift in Sources */ = {isa = PBXBuildFile; fileRef = D70869111D771EE2005D43BF /* GithubStarUITests.swift */; };
		D71E54E81D78720D001A5B39 /* Keychain.framework in Frameworks */ = {isa = PBXBuildFile; fileRef = D71E54E51D787204001A5B39 /* Keychain.framework */; };
		D71E54E91D78720D001A5B39 /* Keychain.framework in Embed Frameworks */ = {isa = PBXBuildFile; fileRef = D71E54E51D787204001A5B39 /* Keychain.framework */; settings = {ATTRIBUTES = (CodeSignOnCopy, RemoveHeadersOnCopy, ); }; };
		D71E54ED1D787213001A5B39 /* OAuth2.framework in Frameworks */ = {isa = PBXBuildFile; fileRef = D71E54CC1D7871FC001A5B39 /* OAuth2.framework */; };
		D71E54EE1D787213001A5B39 /* OAuth2.framework in Embed Frameworks */ = {isa = PBXBuildFile; fileRef = D71E54CC1D7871FC001A5B39 /* OAuth2.framework */; settings = {ATTRIBUTES = (CodeSignOnCopy, RemoveHeadersOnCopy, ); }; };
		D71E54F41D787243001A5B39 /* GithubOAuth.swift in Sources */ = {isa = PBXBuildFile; fileRef = D71E54F31D787243001A5B39 /* GithubOAuth.swift */; };
/* End PBXBuildFile section */

/* Begin PBXContainerItemProxy section */
		D70869031D771EE2005D43BF /* PBXContainerItemProxy */ = {
			isa = PBXContainerItemProxy;
			containerPortal = D70868E61D771EE1005D43BF /* Project object */;
			proxyType = 1;
			remoteGlobalIDString = D70868ED1D771EE2005D43BF;
			remoteInfo = GithubStar;
		};
		D708690E1D771EE2005D43BF /* PBXContainerItemProxy */ = {
			isa = PBXContainerItemProxy;
			containerPortal = D70868E61D771EE1005D43BF /* Project object */;
			proxyType = 1;
			remoteGlobalIDString = D70868ED1D771EE2005D43BF;
			remoteInfo = GithubStar;
		};
		D71E54CB1D7871FC001A5B39 /* PBXContainerItemProxy */ = {
			isa = PBXContainerItemProxy;
			containerPortal = D71E54C41D7871FC001A5B39 /* OAuth2.xcodeproj */;
			proxyType = 2;
			remoteGlobalIDString = EEE209471942772800736F1A;
			remoteInfo = OAuth2OSX;
		};
		D71E54CD1D7871FC001A5B39 /* PBXContainerItemProxy */ = {
			isa = PBXContainerItemProxy;
			containerPortal = D71E54C41D7871FC001A5B39 /* OAuth2.xcodeproj */;
			proxyType = 2;
			remoteGlobalIDString = EEDB8624193FAAE500C4EEA1;
			remoteInfo = OAuth2iOS;
		};
		D71E54CF1D7871FC001A5B39 /* PBXContainerItemProxy */ = {
			isa = PBXContainerItemProxy;
			containerPortal = D71E54C41D7871FC001A5B39 /* OAuth2.xcodeproj */;
			proxyType = 2;
			remoteGlobalIDString = 659854461C5B3BEA00237D39;
			remoteInfo = OAuth2tvOS;
		};
		D71E54D11D7871FC001A5B39 /* PBXContainerItemProxy */ = {
			isa = PBXContainerItemProxy;
			containerPortal = D71E54C41D7871FC001A5B39 /* OAuth2.xcodeproj */;
			proxyType = 2;
			remoteGlobalIDString = EEE209A219427DFE00736F1A;
			remoteInfo = OAuth2Tests;
		};
		D71E54DC1D787204001A5B39 /* PBXContainerItemProxy */ = {
			isa = PBXContainerItemProxy;
			containerPortal = D71E54D31D787204001A5B39 /* Keychain.xcodeproj */;
			proxyType = 2;
			remoteGlobalIDString = C96BE5151C661147005EABC7;
			remoteInfo = Keychain;
		};
		D71E54DE1D787204001A5B39 /* PBXContainerItemProxy */ = {
			isa = PBXContainerItemProxy;
			containerPortal = D71E54D31D787204001A5B39 /* Keychain.xcodeproj */;
			proxyType = 2;
			remoteGlobalIDString = C96BE51F1C661147005EABC7;
			remoteInfo = KeychainTests;
		};
		D71E54E01D787204001A5B39 /* PBXContainerItemProxy */ = {
			isa = PBXContainerItemProxy;
			containerPortal = D71E54D31D787204001A5B39 /* Keychain.xcodeproj */;
			proxyType = 2;
			remoteGlobalIDString = C96BE54A1C664025005EABC7;
			remoteInfo = "Keychain watchOS";
		};
		D71E54E21D787204001A5B39 /* PBXContainerItemProxy */ = {
			isa = PBXContainerItemProxy;
			containerPortal = D71E54D31D787204001A5B39 /* Keychain.xcodeproj */;
			proxyType = 2;
			remoteGlobalIDString = C96BE5581C66409D005EABC7;
			remoteInfo = "Keychain tvOS";
		};
		D71E54E41D787204001A5B39 /* PBXContainerItemProxy */ = {
			isa = PBXContainerItemProxy;
			containerPortal = D71E54D31D787204001A5B39 /* Keychain.xcodeproj */;
			proxyType = 2;
			remoteGlobalIDString = C96BE5681C66410E005EABC7;
			remoteInfo = "Keychain OSX";
		};
		D71E54E61D787204001A5B39 /* PBXContainerItemProxy */ = {
			isa = PBXContainerItemProxy;
			containerPortal = D71E54D31D787204001A5B39 /* Keychain.xcodeproj */;
			proxyType = 2;
			remoteGlobalIDString = C96BE5711C66410E005EABC7;
			remoteInfo = "Keychain OSXTests";
		};
		D71E54EA1D78720D001A5B39 /* PBXContainerItemProxy */ = {
			isa = PBXContainerItemProxy;
			containerPortal = D71E54D31D787204001A5B39 /* Keychain.xcodeproj */;
			proxyType = 1;
			remoteGlobalIDString = C96BE5671C66410E005EABC7;
			remoteInfo = "Keychain OSX";
		};
		D71E54EF1D787213001A5B39 /* PBXContainerItemProxy */ = {
			isa = PBXContainerItemProxy;
			containerPortal = D71E54C41D7871FC001A5B39 /* OAuth2.xcodeproj */;
			proxyType = 1;
			remoteGlobalIDString = EEE209461942772800736F1A;
			remoteInfo = OAuth2OSX;
		};
/* End PBXContainerItemProxy section */

/* Begin PBXCopyFilesBuildPhase section */
		D71E54EC1D78720D001A5B39 /* Embed Frameworks */ = {
			isa = PBXCopyFilesBuildPhase;
			buildActionMask = 2147483647;
			dstPath = "";
			dstSubfolderSpec = 10;
			files = (
				D71E54E91D78720D001A5B39 /* Keychain.framework in Embed Frameworks */,
				D71E54EE1D787213001A5B39 /* OAuth2.framework in Embed Frameworks */,
			);
			name = "Embed Frameworks";
			runOnlyForDeploymentPostprocessing = 0;
		};
/* End PBXCopyFilesBuildPhase section */

/* Begin PBXFileReference section */
		D70868EE1D771EE2005D43BF /* GithubStar.app */ = {isa = PBXFileReference; explicitFileType = wrapper.application; includeInIndex = 0; path = GithubStar.app; sourceTree = BUILT_PRODUCTS_DIR; };
		D70868F11D771EE2005D43BF /* AppDelegate.swift */ = {isa = PBXFileReference; lastKnownFileType = sourcecode.swift; path = AppDelegate.swift; sourceTree = "<group>"; };
		D70868F31D771EE2005D43BF /* ViewController.swift */ = {isa = PBXFileReference; lastKnownFileType = sourcecode.swift; path = ViewController.swift; sourceTree = "<group>"; };
		D70868F61D771EE2005D43BF /* GithubStar.xcdatamodel */ = {isa = PBXFileReference; lastKnownFileType = wrapper.xcdatamodel; path = GithubStar.xcdatamodel; sourceTree = "<group>"; };
		D70868F81D771EE2005D43BF /* Assets.xcassets */ = {isa = PBXFileReference; lastKnownFileType = folder.assetcatalog; path = Assets.xcassets; sourceTree = "<group>"; };
		D70868FB1D771EE2005D43BF /* Base */ = {isa = PBXFileReference; lastKnownFileType = file.storyboard; name = Base; path = Base.lproj/Main.storyboard; sourceTree = "<group>"; };
		D70868FD1D771EE2005D43BF /* Info.plist */ = {isa = PBXFileReference; lastKnownFileType = text.plist.xml; path = Info.plist; sourceTree = "<group>"; };
		D70869021D771EE2005D43BF /* GithubStarTests.xctest */ = {isa = PBXFileReference; explicitFileType = wrapper.cfbundle; includeInIndex = 0; path = GithubStarTests.xctest; sourceTree = BUILT_PRODUCTS_DIR; };
		D70869061D771EE2005D43BF /* GithubStarTests.swift */ = {isa = PBXFileReference; lastKnownFileType = sourcecode.swift; path = GithubStarTests.swift; sourceTree = "<group>"; };
		D70869081D771EE2005D43BF /* Info.plist */ = {isa = PBXFileReference; lastKnownFileType = text.plist.xml; path = Info.plist; sourceTree = "<group>"; };
		D708690D1D771EE2005D43BF /* GithubStarUITests.xctest */ = {isa = PBXFileReference; explicitFileType = wrapper.cfbundle; includeInIndex = 0; path = GithubStarUITests.xctest; sourceTree = BUILT_PRODUCTS_DIR; };
		D70869111D771EE2005D43BF /* GithubStarUITests.swift */ = {isa = PBXFileReference; lastKnownFileType = sourcecode.swift; path = GithubStarUITests.swift; sourceTree = "<group>"; };
		D70869131D771EE2005D43BF /* Info.plist */ = {isa = PBXFileReference; lastKnownFileType = text.plist.xml; path = Info.plist; sourceTree = "<group>"; };
		D71E54C41D7871FC001A5B39 /* OAuth2.xcodeproj */ = {isa = PBXFileReference; lastKnownFileType = "wrapper.pb-project"; name = OAuth2.xcodeproj; path = OAuth2/OAuth2.xcodeproj; sourceTree = "<group>"; };
		D71E54D31D787204001A5B39 /* Keychain.xcodeproj */ = {isa = PBXFileReference; lastKnownFileType = "wrapper.pb-project"; name = Keychain.xcodeproj; path = OAuth2/SwiftKeychain/Keychain.xcodeproj; sourceTree = "<group>"; };
		D71E54F31D787243001A5B39 /* GithubOAuth.swift */ = {isa = PBXFileReference; fileEncoding = 4; lastKnownFileType = sourcecode.swift; path = GithubOAuth.swift; sourceTree = "<group>"; };
/* End PBXFileReference section */

/* Begin PBXFrameworksBuildPhase section */
		D70868EB1D771EE2005D43BF /* Frameworks */ = {
			isa = PBXFrameworksBuildPhase;
			buildActionMask = 2147483647;
			files = (
				D71E54E81D78720D001A5B39 /* Keychain.framework in Frameworks */,
				D71E54ED1D787213001A5B39 /* OAuth2.framework in Frameworks */,
			);
			runOnlyForDeploymentPostprocessing = 0;
		};
		D70868FF1D771EE2005D43BF /* Frameworks */ = {
			isa = PBXFrameworksBuildPhase;
			buildActionMask = 2147483647;
			files = (
			);
			runOnlyForDeploymentPostprocessing = 0;
		};
		D708690A1D771EE2005D43BF /* Frameworks */ = {
			isa = PBXFrameworksBuildPhase;
			buildActionMask = 2147483647;
			files = (
			);
			runOnlyForDeploymentPostprocessing = 0;
		};
/* End PBXFrameworksBuildPhase section */

/* Begin PBXGroup section */
		D70868E51D771EE1005D43BF = {
			isa = PBXGroup;
			children = (
				D71E54D31D787204001A5B39 /* Keychain.xcodeproj */,
				D71E54C41D7871FC001A5B39 /* OAuth2.xcodeproj */,
				D70868F01D771EE2005D43BF /* GithubStar */,
				D70869051D771EE2005D43BF /* GithubStarTests */,
				D70869101D771EE2005D43BF /* GithubStarUITests */,
				D70868EF1D771EE2005D43BF /* Products */,
			);
			sourceTree = "<group>";
		};
		D70868EF1D771EE2005D43BF /* Products */ = {
			isa = PBXGroup;
			children = (
				D70868EE1D771EE2005D43BF /* GithubStar.app */,
				D70869021D771EE2005D43BF /* GithubStarTests.xctest */,
				D708690D1D771EE2005D43BF /* GithubStarUITests.xctest */,
			);
			name = Products;
			sourceTree = "<group>";
		};
		D70868F01D771EE2005D43BF /* GithubStar */ = {
			isa = PBXGroup;
			children = (
				D70868F11D771EE2005D43BF /* AppDelegate.swift */,
				D70868F31D771EE2005D43BF /* ViewController.swift */,
				D71E54F31D787243001A5B39 /* GithubOAuth.swift */,
				D70868F81D771EE2005D43BF /* Assets.xcassets */,
				D70868FA1D771EE2005D43BF /* Main.storyboard */,
				D70868FD1D771EE2005D43BF /* Info.plist */,
				D70868F51D771EE2005D43BF /* GithubStar.xcdatamodeld */,
			);
			path = GithubStar;
			sourceTree = "<group>";
		};
		D70869051D771EE2005D43BF /* GithubStarTests */ = {
			isa = PBXGroup;
			children = (
				D70869061D771EE2005D43BF /* GithubStarTests.swift */,
				D70869081D771EE2005D43BF /* Info.plist */,
			);
			path = GithubStarTests;
			sourceTree = "<group>";
		};
		D70869101D771EE2005D43BF /* GithubStarUITests */ = {
			isa = PBXGroup;
			children = (
				D70869111D771EE2005D43BF /* GithubStarUITests.swift */,
				D70869131D771EE2005D43BF /* Info.plist */,
			);
			path = GithubStarUITests;
			sourceTree = "<group>";
		};
		D71E54C51D7871FC001A5B39 /* Products */ = {
			isa = PBXGroup;
			children = (
				D71E54CC1D7871FC001A5B39 /* OAuth2.framework */,
				D71E54CE1D7871FC001A5B39 /* OAuth2.framework */,
				D71E54D01D7871FC001A5B39 /* OAuth2.framework */,
				D71E54D21D7871FC001A5B39 /* OAuth2Tests.xctest */,
			);
			name = Products;
			sourceTree = "<group>";
		};
		D71E54D41D787204001A5B39 /* Products */ = {
			isa = PBXGroup;
			children = (
				D71E54DD1D787204001A5B39 /* Keychain.framework */,
				D71E54DF1D787204001A5B39 /* KeychainTests.xctest */,
				D71E54E11D787204001A5B39 /* Keychain.framework */,
				D71E54E31D787204001A5B39 /* Keychain.framework */,
				D71E54E51D787204001A5B39 /* Keychain.framework */,
				D71E54E71D787204001A5B39 /* Keychain OSXTests.xctest */,
			);
			name = Products;
			sourceTree = "<group>";
		};
/* End PBXGroup section */

/* Begin PBXNativeTarget section */
		D70868ED1D771EE2005D43BF /* GithubStar */ = {
			isa = PBXNativeTarget;
			buildConfigurationList = D70869161D771EE2005D43BF /* Build configuration list for PBXNativeTarget "GithubStar" */;
			buildPhases = (
				D70868EA1D771EE2005D43BF /* Sources */,
				D70868EB1D771EE2005D43BF /* Frameworks */,
				D70868EC1D771EE2005D43BF /* Resources */,
				D71E54EC1D78720D001A5B39 /* Embed Frameworks */,
			);
			buildRules = (
			);
			dependencies = (
				D71E54EB1D78720D001A5B39 /* PBXTargetDependency */,
				D71E54F01D787213001A5B39 /* PBXTargetDependency */,
			);
			name = GithubStar;
			productName = GithubStar;
			productReference = D70868EE1D771EE2005D43BF /* GithubStar.app */;
			productType = "com.apple.product-type.application";
		};
		D70869011D771EE2005D43BF /* GithubStarTests */ = {
			isa = PBXNativeTarget;
			buildConfigurationList = D70869191D771EE2005D43BF /* Build configuration list for PBXNativeTarget "GithubStarTests" */;
			buildPhases = (
				D70868FE1D771EE2005D43BF /* Sources */,
				D70868FF1D771EE2005D43BF /* Frameworks */,
				D70869001D771EE2005D43BF /* Resources */,
			);
			buildRules = (
			);
			dependencies = (
				D70869041D771EE2005D43BF /* PBXTargetDependency */,
			);
			name = GithubStarTests;
			productName = GithubStarTests;
			productReference = D70869021D771EE2005D43BF /* GithubStarTests.xctest */;
			productType = "com.apple.product-type.bundle.unit-test";
		};
		D708690C1D771EE2005D43BF /* GithubStarUITests */ = {
			isa = PBXNativeTarget;
			buildConfigurationList = D708691C1D771EE2005D43BF /* Build configuration list for PBXNativeTarget "GithubStarUITests" */;
			buildPhases = (
				D70869091D771EE2005D43BF /* Sources */,
				D708690A1D771EE2005D43BF /* Frameworks */,
				D708690B1D771EE2005D43BF /* Resources */,
			);
			buildRules = (
			);
			dependencies = (
				D708690F1D771EE2005D43BF /* PBXTargetDependency */,
			);
			name = GithubStarUITests;
			productName = GithubStarUITests;
			productReference = D708690D1D771EE2005D43BF /* GithubStarUITests.xctest */;
			productType = "com.apple.product-type.bundle.ui-testing";
		};
/* End PBXNativeTarget section */

/* Begin PBXProject section */
		D70868E61D771EE1005D43BF /* Project object */ = {
			isa = PBXProject;
			attributes = {
				LastSwiftUpdateCheck = 0730;
				LastUpgradeCheck = 0730;
				ORGANIZATIONNAME = "Yuankun Zhang";
				TargetAttributes = {
					D70868ED1D771EE2005D43BF = {
						CreatedOnToolsVersion = 7.3.1;
					};
					D70869011D771EE2005D43BF = {
						CreatedOnToolsVersion = 7.3.1;
						TestTargetID = D70868ED1D771EE2005D43BF;
					};
					D708690C1D771EE2005D43BF = {
						CreatedOnToolsVersion = 7.3.1;
						TestTargetID = D70868ED1D771EE2005D43BF;
					};
				};
			};
			buildConfigurationList = D70868E91D771EE1005D43BF /* Build configuration list for PBXProject "GithubStar" */;
			compatibilityVersion = "Xcode 3.2";
			developmentRegion = English;
			hasScannedForEncodings = 0;
			knownRegions = (
				en,
				Base,
			);
			mainGroup = D70868E51D771EE1005D43BF;
			productRefGroup = D70868EF1D771EE2005D43BF /* Products */;
			projectDirPath = "";
			projectReferences = (
				{
					ProductGroup = D71E54D41D787204001A5B39 /* Products */;
					ProjectRef = D71E54D31D787204001A5B39 /* Keychain.xcodeproj */;
				},
				{
					ProductGroup = D71E54C51D7871FC001A5B39 /* Products */;
					ProjectRef = D71E54C41D7871FC001A5B39 /* OAuth2.xcodeproj */;
				},
			);
			projectRoot = "";
			targets = (
				D70868ED1D771EE2005D43BF /* GithubStar */,
				D70869011D771EE2005D43BF /* GithubStarTests */,
				D708690C1D771EE2005D43BF /* GithubStarUITests */,
			);
		};
/* End PBXProject section */

/* Begin PBXReferenceProxy section */
		D71E54CC1D7871FC001A5B39 /* OAuth2.framework */ = {
			isa = PBXReferenceProxy;
			fileType = wrapper.framework;
			path = OAuth2.framework;
			remoteRef = D71E54CB1D7871FC001A5B39 /* PBXContainerItemProxy */;
			sourceTree = BUILT_PRODUCTS_DIR;
		};
		D71E54CE1D7871FC001A5B39 /* OAuth2.framework */ = {
			isa = PBXReferenceProxy;
			fileType = wrapper.framework;
			path = OAuth2.framework;
			remoteRef = D71E54CD1D7871FC001A5B39 /* PBXContainerItemProxy */;
			sourceTree = BUILT_PRODUCTS_DIR;
		};
		D71E54D01D7871FC001A5B39 /* OAuth2.framework */ = {
			isa = PBXReferenceProxy;
			fileType = wrapper.framework;
			path = OAuth2.framework;
			remoteRef = D71E54CF1D7871FC001A5B39 /* PBXContainerItemProxy */;
			sourceTree = BUILT_PRODUCTS_DIR;
		};
		D71E54D21D7871FC001A5B39 /* OAuth2Tests.xctest */ = {
			isa = PBXReferenceProxy;
			fileType = wrapper.cfbundle;
			path = OAuth2Tests.xctest;
			remoteRef = D71E54D11D7871FC001A5B39 /* PBXContainerItemProxy */;
			sourceTree = BUILT_PRODUCTS_DIR;
		};
		D71E54DD1D787204001A5B39 /* Keychain.framework */ = {
			isa = PBXReferenceProxy;
			fileType = wrapper.framework;
			path = Keychain.framework;
			remoteRef = D71E54DC1D787204001A5B39 /* PBXContainerItemProxy */;
			sourceTree = BUILT_PRODUCTS_DIR;
		};
		D71E54DF1D787204001A5B39 /* KeychainTests.xctest */ = {
			isa = PBXReferenceProxy;
			fileType = wrapper.cfbundle;
			path = KeychainTests.xctest;
			remoteRef = D71E54DE1D787204001A5B39 /* PBXContainerItemProxy */;
			sourceTree = BUILT_PRODUCTS_DIR;
		};
		D71E54E11D787204001A5B39 /* Keychain.framework */ = {
			isa = PBXReferenceProxy;
			fileType = wrapper.framework;
			path = Keychain.framework;
			remoteRef = D71E54E01D787204001A5B39 /* PBXContainerItemProxy */;
			sourceTree = BUILT_PRODUCTS_DIR;
		};
		D71E54E31D787204001A5B39 /* Keychain.framework */ = {
			isa = PBXReferenceProxy;
			fileType = wrapper.framework;
			path = Keychain.framework;
			remoteRef = D71E54E21D787204001A5B39 /* PBXContainerItemProxy */;
			sourceTree = BUILT_PRODUCTS_DIR;
		};
		D71E54E51D787204001A5B39 /* Keychain.framework */ = {
			isa = PBXReferenceProxy;
			fileType = wrapper.framework;
			path = Keychain.framework;
			remoteRef = D71E54E41D787204001A5B39 /* PBXContainerItemProxy */;
			sourceTree = BUILT_PRODUCTS_DIR;
		};
		D71E54E71D787204001A5B39 /* Keychain OSXTests.xctest */ = {
			isa = PBXReferenceProxy;
			fileType = wrapper.cfbundle;
			path = "Keychain OSXTests.xctest";
			remoteRef = D71E54E61D787204001A5B39 /* PBXContainerItemProxy */;
			sourceTree = BUILT_PRODUCTS_DIR;
		};
/* End PBXReferenceProxy section */

/* Begin PBXResourcesBuildPhase section */
		D70868EC1D771EE2005D43BF /* Resources */ = {
			isa = PBXResourcesBuildPhase;
			buildActionMask = 2147483647;
			files = (
				D70868F91D771EE2005D43BF /* Assets.xcassets in Resources */,
				D70868FC1D771EE2005D43BF /* Main.storyboard in Resources */,
			);
			runOnlyForDeploymentPostprocessing = 0;
		};
		D70869001D771EE2005D43BF /* Resources */ = {
			isa = PBXResourcesBuildPhase;
			buildActionMask = 2147483647;
			files = (
			);
			runOnlyForDeploymentPostprocessing = 0;
		};
		D708690B1D771EE2005D43BF /* Resources */ = {
			isa = PBXResourcesBuildPhase;
			buildActionMask = 2147483647;
			files = (
			);
			runOnlyForDeploymentPostprocessing = 0;
		};
/* End PBXResourcesBuildPhase section */

/* Begin PBXSourcesBuildPhase section */
		D70868EA1D771EE2005D43BF /* Sources */ = {
			isa = PBXSourcesBuildPhase;
			buildActionMask = 2147483647;
			files = (
				D71E54F41D787243001A5B39 /* GithubOAuth.swift in Sources */,
				D70868F41D771EE2005D43BF /* ViewController.swift in Sources */,
				D70868F21D771EE2005D43BF /* AppDelegate.swift in Sources */,
				D70868F71D771EE2005D43BF /* GithubStar.xcdatamodeld in Sources */,
			);
			runOnlyForDeploymentPostprocessing = 0;
		};
		D70868FE1D771EE2005D43BF /* Sources */ = {
			isa = PBXSourcesBuildPhase;
			buildActionMask = 2147483647;
			files = (
				D70869071D771EE2005D43BF /* GithubStarTests.swift in Sources */,
			);
			runOnlyForDeploymentPostprocessing = 0;
		};
		D70869091D771EE2005D43BF /* Sources */ = {
			isa = PBXSourcesBuildPhase;
			buildActionMask = 2147483647;
			files = (
				D70869121D771EE2005D43BF /* GithubStarUITests.swift in Sources */,
			);
			runOnlyForDeploymentPostprocessing = 0;
		};
/* End PBXSourcesBuildPhase section */

/* Begin PBXTargetDependency section */
		D70869041D771EE2005D43BF /* PBXTargetDependency */ = {
			isa = PBXTargetDependency;
			target = D70868ED1D771EE2005D43BF /* GithubStar */;
			targetProxy = D70869031D771EE2005D43BF /* PBXContainerItemProxy */;
		};
		D708690F1D771EE2005D43BF /* PBXTargetDependency */ = {
			isa = PBXTargetDependency;
			target = D70868ED1D771EE2005D43BF /* GithubStar */;
			targetProxy = D708690E1D771EE2005D43BF /* PBXContainerItemProxy */;
		};
		D71E54EB1D78720D001A5B39 /* PBXTargetDependency */ = {
			isa = PBXTargetDependency;
			name = "Keychain OSX";
			targetProxy = D71E54EA1D78720D001A5B39 /* PBXContainerItemProxy */;
		};
		D71E54F01D787213001A5B39 /* PBXTargetDependency */ = {
			isa = PBXTargetDependency;
			name = OAuth2OSX;
			targetProxy = D71E54EF1D787213001A5B39 /* PBXContainerItemProxy */;
		};
/* End PBXTargetDependency section */

/* Begin PBXVariantGroup section */
		D70868FA1D771EE2005D43BF /* Main.storyboard */ = {
			isa = PBXVariantGroup;
			children = (
				D70868FB1D771EE2005D43BF /* Base */,
			);
			name = Main.storyboard;
			sourceTree = "<group>";
		};
/* End PBXVariantGroup section */

/* Begin XCBuildConfiguration section */
		D70869141D771EE2005D43BF /* Debug */ = {
			isa = XCBuildConfiguration;
			buildSettings = {
				ALWAYS_SEARCH_USER_PATHS = NO;
				CLANG_ANALYZER_NONNULL = YES;
				CLANG_CXX_LANGUAGE_STANDARD = "gnu++0x";
				CLANG_CXX_LIBRARY = "libc++";
				CLANG_ENABLE_MODULES = YES;
				CLANG_ENABLE_OBJC_ARC = YES;
				CLANG_WARN_BOOL_CONVERSION = YES;
				CLANG_WARN_CONSTANT_CONVERSION = YES;
				CLANG_WARN_DIRECT_OBJC_ISA_USAGE = YES_ERROR;
				CLANG_WARN_EMPTY_BODY = YES;
				CLANG_WARN_ENUM_CONVERSION = YES;
				CLANG_WARN_INT_CONVERSION = YES;
				CLANG_WARN_OBJC_ROOT_CLASS = YES_ERROR;
				CLANG_WARN_UNREACHABLE_CODE = YES;
				CLANG_WARN__DUPLICATE_METHOD_MATCH = YES;
				CODE_SIGN_IDENTITY = "-";
				COPY_PHASE_STRIP = NO;
				DEBUG_INFORMATION_FORMAT = dwarf;
				ENABLE_STRICT_OBJC_MSGSEND = YES;
				ENABLE_TESTABILITY = YES;
				GCC_C_LANGUAGE_STANDARD = gnu99;
				GCC_DYNAMIC_NO_PIC = NO;
				GCC_NO_COMMON_BLOCKS = YES;
				GCC_OPTIMIZATION_LEVEL = 0;
				GCC_PREPROCESSOR_DEFINITIONS = (
					"DEBUG=1",
					"$(inherited)",
				);
				GCC_WARN_64_TO_32_BIT_CONVERSION = YES;
				GCC_WARN_ABOUT_RETURN_TYPE = YES_ERROR;
				GCC_WARN_UNDECLARED_SELECTOR = YES;
				GCC_WARN_UNINITIALIZED_AUTOS = YES_AGGRESSIVE;
				GCC_WARN_UNUSED_FUNCTION = YES;
				GCC_WARN_UNUSED_VARIABLE = YES;
				MACOSX_DEPLOYMENT_TARGET = 10.11;
				MTL_ENABLE_DEBUG_INFO = YES;
				ONLY_ACTIVE_ARCH = YES;
				SDKROOT = macosx;
				SWIFT_OPTIMIZATION_LEVEL = "-Onone";
			};
			name = Debug;
		};
		D70869151D771EE2005D43BF /* Release */ = {
			isa = XCBuildConfiguration;
			buildSettings = {
				ALWAYS_SEARCH_USER_PATHS = NO;
				CLANG_ANALYZER_NONNULL = YES;
				CLANG_CXX_LANGUAGE_STANDARD = "gnu++0x";
				CLANG_CXX_LIBRARY = "libc++";
				CLANG_ENABLE_MODULES = YES;
				CLANG_ENABLE_OBJC_ARC = YES;
				CLANG_WARN_BOOL_CONVERSION = YES;
				CLANG_WARN_CONSTANT_CONVERSION = YES;
				CLANG_WARN_DIRECT_OBJC_ISA_USAGE = YES_ERROR;
				CLANG_WARN_EMPTY_BODY = YES;
				CLANG_WARN_ENUM_CONVERSION = YES;
				CLANG_WARN_INT_CONVERSION = YES;
				CLANG_WARN_OBJC_ROOT_CLASS = YES_ERROR;
				CLANG_WARN_UNREACHABLE_CODE = YES;
				CLANG_WARN__DUPLICATE_METHOD_MATCH = YES;
				CODE_SIGN_IDENTITY = "-";
				COPY_PHASE_STRIP = NO;
				DEBUG_INFORMATION_FORMAT = "dwarf-with-dsym";
				ENABLE_NS_ASSERTIONS = NO;
				ENABLE_STRICT_OBJC_MSGSEND = YES;
				GCC_C_LANGUAGE_STANDARD = gnu99;
				GCC_NO_COMMON_BLOCKS = YES;
				GCC_WARN_64_TO_32_BIT_CONVERSION = YES;
				GCC_WARN_ABOUT_RETURN_TYPE = YES_ERROR;
				GCC_WARN_UNDECLARED_SELECTOR = YES;
				GCC_WARN_UNINITIALIZED_AUTOS = YES_AGGRESSIVE;
				GCC_WARN_UNUSED_FUNCTION = YES;
				GCC_WARN_UNUSED_VARIABLE = YES;
				MACOSX_DEPLOYMENT_TARGET = 10.11;
				MTL_ENABLE_DEBUG_INFO = NO;
				SDKROOT = macosx;
			};
			name = Release;
		};
		D70869171D771EE2005D43BF /* Debug */ = {
			isa = XCBuildConfiguration;
			buildSettings = {
				ASSETCATALOG_COMPILER_APPICON_NAME = AppIcon;
				COMBINE_HIDPI_IMAGES = YES;
				EMBEDDED_CONTENT_CONTAINS_SWIFT = YES;
				INFOPLIST_FILE = GithubStar/Info.plist;
				LD_RUNPATH_SEARCH_PATHS = "$(inherited) @executable_path/../Frameworks";
				PRODUCT_BUNDLE_IDENTIFIER = me.yuankun.GithubStar;
				PRODUCT_NAME = "$(TARGET_NAME)";
			};
			name = Debug;
		};
		D70869181D771EE2005D43BF /* Release */ = {
			isa = XCBuildConfiguration;
			buildSettings = {
				ASSETCATALOG_COMPILER_APPICON_NAME = AppIcon;
				COMBINE_HIDPI_IMAGES = YES;
				EMBEDDED_CONTENT_CONTAINS_SWIFT = YES;
				INFOPLIST_FILE = GithubStar/Info.plist;
				LD_RUNPATH_SEARCH_PATHS = "$(inherited) @executable_path/../Frameworks";
				PRODUCT_BUNDLE_IDENTIFIER = me.yuankun.GithubStar;
				PRODUCT_NAME = "$(TARGET_NAME)";
			};
			name = Release;
		};
		D708691A1D771EE2005D43BF /* Debug */ = {
			isa = XCBuildConfiguration;
			buildSettings = {
				BUNDLE_LOADER = "$(TEST_HOST)";
				COMBINE_HIDPI_IMAGES = YES;
				INFOPLIST_FILE = GithubStarTests/Info.plist;
				LD_RUNPATH_SEARCH_PATHS = "$(inherited) @executable_path/../Frameworks @loader_path/../Frameworks";
				PRODUCT_BUNDLE_IDENTIFIER = me.yuankun.GithubStarTests;
				PRODUCT_NAME = "$(TARGET_NAME)";
				TEST_HOST = "$(BUILT_PRODUCTS_DIR)/GithubStar.app/Contents/MacOS/GithubStar";
			};
			name = Debug;
		};
		D708691B1D771EE2005D43BF /* Release */ = {
			isa = XCBuildConfiguration;
			buildSettings = {
				BUNDLE_LOADER = "$(TEST_HOST)";
				COMBINE_HIDPI_IMAGES = YES;
				INFOPLIST_FILE = GithubStarTests/Info.plist;
				LD_RUNPATH_SEARCH_PATHS = "$(inherited) @executable_path/../Frameworks @loader_path/../Frameworks";
				PRODUCT_BUNDLE_IDENTIFIER = me.yuankun.GithubStarTests;
				PRODUCT_NAME = "$(TARGET_NAME)";
				TEST_HOST = "$(BUILT_PRODUCTS_DIR)/GithubStar.app/Contents/MacOS/GithubStar";
			};
			name = Release;
		};
		D708691D1D771EE2005D43BF /* Debug */ = {
			isa = XCBuildConfiguration;
			buildSettings = {
				COMBINE_HIDPI_IMAGES = YES;
				INFOPLIST_FILE = GithubStarUITests/Info.plist;
				LD_RUNPATH_SEARCH_PATHS = "$(inherited) @executable_path/../Frameworks @loader_path/../Frameworks";
				PRODUCT_BUNDLE_IDENTIFIER = me.yuankun.GithubStarUITests;
				PRODUCT_NAME = "$(TARGET_NAME)";
				TEST_TARGET_NAME = GithubStar;
			};
			name = Debug;
		};
		D708691E1D771EE2005D43BF /* Release */ = {
			isa = XCBuildConfiguration;
			buildSettings = {
				COMBINE_HIDPI_IMAGES = YES;
				INFOPLIST_FILE = GithubStarUITests/Info.plist;
				LD_RUNPATH_SEARCH_PATHS = "$(inherited) @executable_path/../Frameworks @loader_path/../Frameworks";
				PRODUCT_BUNDLE_IDENTIFIER = me.yuankun.GithubStarUITests;
				PRODUCT_NAME = "$(TARGET_NAME)";
				TEST_TARGET_NAME = GithubStar;
			};
			name = Release;
		};
/* End XCBuildConfiguration section */

/* Begin XCConfigurationList section */
		D70868E91D771EE1005D43BF /* Build configuration list for PBXProject "GithubStar" */ = {
			isa = XCConfigurationList;
			buildConfigurations = (
				D70869141D771EE2005D43BF /* Debug */,
				D70869151D771EE2005D43BF /* Release */,
			);
			defaultConfigurationIsVisible = 0;
			defaultConfigurationName = Release;
		};
		D70869161D771EE2005D43BF /* Build configuration list for PBXNativeTarget "GithubStar" */ = {
			isa = XCConfigurationList;
			buildConfigurations = (
				D70869171D771EE2005D43BF /* Debug */,
				D70869181D771EE2005D43BF /* Release */,
			);
			defaultConfigurationIsVisible = 0;
			defaultConfigurationName = Release;
		};
		D70869191D771EE2005D43BF /* Build configuration list for PBXNativeTarget "GithubStarTests" */ = {
			isa = XCConfigurationList;
			buildConfigurations = (
				D708691A1D771EE2005D43BF /* Debug */,
				D708691B1D771EE2005D43BF /* Release */,
			);
			defaultConfigurationIsVisible = 0;
			defaultConfigurationName = Release;
		};
		D708691C1D771EE2005D43BF /* Build configuration list for PBXNativeTarget "GithubStarUITests" */ = {
			isa = XCConfigurationList;
			buildConfigurations = (
				D708691D1D771EE2005D43BF /* Debug */,
				D708691E1D771EE2005D43BF /* Release */,
			);
			defaultConfigurationIsVisible = 0;
			defaultConfigurationName = Release;
		};
/* End XCConfigurationList section */

/* Begin XCVersionGroup section */
		D70868F51D771EE2005D43BF /* GithubStar.xcdatamodeld */ = {
			isa = XCVersionGroup;
			children = (
				D70868F61D771EE2005D43BF /* GithubStar.xcdatamodel */,
			);
			currentVersion = D70868F61D771EE2005D43BF /* GithubStar.xcdatamodel */;
			path = GithubStar.xcdatamodeld;
			sourceTree = "<group>";
			versionGroupType = wrapper.xcdatamodel;
		};
/* End XCVersionGroup section */
	};
	rootObject = D70868E61D771EE1005D43BF /* Project object */;
}
